
Microsoft Visual Studio Solution File, Format Version 12.00
# Visual Studio Version 16
VisualStudioVersion = 16.0.34031.81
MinimumVisualStudioVersion = 10.0.40219.1
Project("{FAE04EC0-301F-11D3-BF4B-00C04F79EFBC}") = "Canama_Pad", "Canama_Pad\Canama_Pad.csproj", "{BD91B4A8-E6D4-4FF0-AECA-E783BEE18577}"
EndProject
Global
	GlobalSection(SolutionConfigurationPlatforms) = preSolution
		Debug|Any CPU = Debug|Any CPU
		Release|Any CPU = Release|Any CPU
	EndGlobalSection
	GlobalSection(ProjectConfigurationPlatforms) = postSolution
		{BD91B4A8-E6D4-4FF0-AECA-E783BEE18577}.Debug|Any CPU.ActiveCfg = Debug|Any CPU
		{BD91B4A8-E6D4-4FF0-AECA-E783BEE18577}.Debug|Any CPU.Build.0 = Debug|Any CPU
		{BD91B4A8-E6D4-4FF0-AECA-E783BEE18577}.Release|Any CPU.ActiveCfg = Release|Any CPU
		{BD91B4A8-E6D4-4FF0-AECA-E783BEE18577}.Release|Any CPU.Build.0 = Release|Any CPU
	EndGlobalSection
	GlobalSection(SolutionProperties) = preSolution
		HideSolutionNode = FALSE
	EndGlobalSection
	GlobalSection(ExtensibilityGlobals) = postSolution
		SolutionGuid = {08372258-AEDF-4CC2-ABA0-2A6912715AE4}
	EndGlobalSection
EndGlobal
